github.com/jorgechavezrnd/mycalculator v1.0.0/go.mod h1:dX5g9o/kng4cU8DMvx3VYiEZiSxauG72v0AFqrVopfI=
github.com/jorgechavezrnd/mycalculator v1.0.1 h1:OJ3S6g0OEaAlyiJ3tv0LaZsa+aP9/BNDXDAE1YPZk1Q=
github.com/jorgechavezrnd/mycalculator v1.0.1/go.mod h1:dX5g9o/kng4cU8DMvx3VYiEZiSxauG72v0AFqrVopfI=
github.com/jorgechavezrnd/mycalculator v1.0.4 h1:LtP1pAmoBV4BKBDNl5Ji59Rg/yF+yp9ZwUpRkQosNVM=
github.com/jorgechavezrnd/mycalculator v1.0.4/go.mod h1:dX5g9o/kng4cU8DMvx3VYiEZiSxauG72v0AFqrVopfI=
